// !$*UTF8*$!
{
	archiveVersion = 1;
	classes = {
	};
	objectVersion = 46;
	objects = {

/* Begin PBXBuildFile section */
		3732B6391697330B000C63A8 /* bases.obj in CopyFiles */ = {isa = PBXBuildFile; fileRef = 3732B634169732F2000C63A8 /* bases.obj */; };
		3732B63A1697330B000C63A8 /* bridge.obj in CopyFiles */ = {isa = PBXBuildFile; fileRef = 3732B635169732F2000C63A8 /* bridge.obj */; };
		3732B63B1697330B000C63A8 /* buildings.obj in CopyFiles */ = {isa = PBXBuildFile; fileRef = 3732B636169732F2000C63A8 /* buildings.obj */; };
		3732B63C1697330B000C63A8 /* foundation.obj in CopyFiles */ = {isa = PBXBuildFile; fileRef = 3732B637169732F2000C63A8 /* foundation.obj */; };
		374C5A651688790800C56E78 /* Texture.cpp in Sources */ = {isa = PBXBuildFile; fileRef = 374C5A631688790800C56E78 /* Texture.cpp */; };
		374C5A7516887B6A00C56E78 /* Skybox.cpp in Sources */ = {isa = PBXBuildFile; fileRef = 374C5A7316887B6A00C56E78 /* Skybox.cpp */; };
		374C5A7C16889C8000C56E78 /* mars_back.tga in CopyFiles */ = {isa = PBXBuildFile; fileRef = 374C5A7616889C7100C56E78 /* mars_back.tga */; };
		374C5A7D16889C8000C56E78 /* mars_bottom.tga in CopyFiles */ = {isa = PBXBuildFile; fileRef = 374C5A7716889C7100C56E78 /* mars_bottom.tga */; };
		374C5A7E16889C8000C56E78 /* mars_front.tga in CopyFiles */ = {isa = PBXBuildFile; fileRef = 374C5A7816889C7100C56E78 /* mars_front.tga */; };
		374C5A7F16889C8000C56E78 /* mars_left.tga in CopyFiles */ = {isa = PBXBuildFile; fileRef = 374C5A7916889C7100C56E78 /* mars_left.tga */; };
		374C5A8016889C8000C56E78 /* mars_right.tga in CopyFiles */ = {isa = PBXBuildFile; fileRef = 374C5A7A16889C7100C56E78 /* mars_right.tga */; };
		374C5A8116889C8000C56E78 /* mars_top.tga in CopyFiles */ = {isa = PBXBuildFile; fileRef = 374C5A7B16889C7100C56E78 /* mars_top.tga */; };
		37B293CD16933B2600430137 /* teapot.obj in CopyFiles */ = {isa = PBXBuildFile; fileRef = 37B293CC16933B0900430137 /* teapot.obj */; };
		37B293D31695C7CD00430137 /* controls.cpp in Sources */ = {isa = PBXBuildFile; fileRef = 37B293D11695C7CD00430137 /* controls.cpp */; };
		37B293D61695F61E00430137 /* ground_texture.tga in CopyFiles */ = {isa = PBXBuildFile; fileRef = 37B293D51695F60D00430137 /* ground_texture.tga */; };
		37F552DA168269EA004CB411 /* main.cpp in Sources */ = {isa = PBXBuildFile; fileRef = 37F552D9168269EA004CB411 /* main.cpp */; };
		37F552E316826A1A004CB411 /* OpenGL.framework in Frameworks */ = {isa = PBXBuildFile; fileRef = 37F552E216826A1A004CB411 /* OpenGL.framework */; };
		37F552E916826F4F004CB411 /* shaders.cpp in Sources */ = {isa = PBXBuildFile; fileRef = 37F552E716826F4F004CB411 /* shaders.cpp */; };
		37F552EC16827160004CB411 /* utils.cpp in Sources */ = {isa = PBXBuildFile; fileRef = 37F552EA16827160004CB411 /* utils.cpp */; };
		37F552EE168276F5004CB411 /* VertexShader.vert in CopyFiles */ = {isa = PBXBuildFile; fileRef = 37F552E516826E8C004CB411 /* VertexShader.vert */; };
		37F552EF168276F5004CB411 /* FragmentShader.frag in CopyFiles */ = {isa = PBXBuildFile; fileRef = 37F552E616826E9B004CB411 /* FragmentShader.frag */; };
		37F5551216833C50004CB411 /* SceneObject.cpp in Sources */ = {isa = PBXBuildFile; fileRef = 37F5551016833C50004CB411 /* SceneObject.cpp */; };
		37FD94791684C9B200716C5A /* mars-landscape.obj in CopyFiles */ = {isa = PBXBuildFile; fileRef = 37FD94781684C96800716C5A /* mars-landscape.obj */; };
/* End PBXBuildFile section */

/* Begin PBXCopyFilesBuildPhase section */
		37F552ED168276DC004CB411 /* CopyFiles */ = {
			isa = PBXCopyFilesBuildPhase;
			buildActionMask = 2147483647;
			dstPath = "";
			dstSubfolderSpec = 16;
			files = (
				3732B6391697330B000C63A8 /* bases.obj in CopyFiles */,
				3732B63A1697330B000C63A8 /* bridge.obj in CopyFiles */,
				3732B63B1697330B000C63A8 /* buildings.obj in CopyFiles */,
				3732B63C1697330B000C63A8 /* foundation.obj in CopyFiles */,
				37B293D61695F61E00430137 /* ground_texture.tga in CopyFiles */,
				37B293CD16933B2600430137 /* teapot.obj in CopyFiles */,
				374C5A7C16889C8000C56E78 /* mars_back.tga in CopyFiles */,
				374C5A7D16889C8000C56E78 /* mars_bottom.tga in CopyFiles */,
				374C5A7E16889C8000C56E78 /* mars_front.tga in CopyFiles */,
				374C5A7F16889C8000C56E78 /* mars_left.tga in CopyFiles */,
				374C5A8016889C8000C56E78 /* mars_right.tga in CopyFiles */,
				374C5A8116889C8000C56E78 /* mars_top.tga in CopyFiles */,
				37FD94791684C9B200716C5A /* mars-landscape.obj in CopyFiles */,
				37F552EE168276F5004CB411 /* VertexShader.vert in CopyFiles */,
				37F552EF168276F5004CB411 /* FragmentShader.frag in CopyFiles */,
			);
			runOnlyForDeploymentPostprocessing = 0;
		};
/* End PBXCopyFilesBuildPhase section */

/* Begin PBXFileReference section */
		3732B634169732F2000C63A8 /* bases.obj */ = {isa = PBXFileReference; lastKnownFileType = text; path = bases.obj; sourceTree = "<group>"; };
		3732B635169732F2000C63A8 /* bridge.obj */ = {isa = PBXFileReference; lastKnownFileType = text; path = bridge.obj; sourceTree = "<group>"; };
		3732B636169732F2000C63A8 /* buildings.obj */ = {isa = PBXFileReference; lastKnownFileType = text; path = buildings.obj; sourceTree = "<group>"; };
		3732B637169732F2000C63A8 /* foundation.obj */ = {isa = PBXFileReference; lastKnownFileType = text; path = foundation.obj; sourceTree = "<group>"; };
		374C5A631688790800C56E78 /* Texture.cpp */ = {isa = PBXFileReference; fileEncoding = 4; lastKnownFileType = sourcecode.cpp.cpp; path = Texture.cpp; sourceTree = "<group>"; };
		374C5A641688790800C56E78 /* Texture.h */ = {isa = PBXFileReference; fileEncoding = 4; lastKnownFileType = sourcecode.c.h; path = Texture.h; sourceTree = "<group>"; };
		374C5A7316887B6A00C56E78 /* Skybox.cpp */ = {isa = PBXFileReference; fileEncoding = 4; lastKnownFileType = sourcecode.cpp.cpp; path = Skybox.cpp; sourceTree = "<group>"; };
		374C5A7416887B6A00C56E78 /* Skybox.h */ = {isa = PBXFileReference; fileEncoding = 4; lastKnownFileType = sourcecode.c.h; path = Skybox.h; sourceTree = "<group>"; };
		374C5A7616889C7100C56E78 /* mars_back.tga */ = {isa = PBXFileReference; lastKnownFileType = file; path = mars_back.tga; sourceTree = "<group>"; };
		374C5A7716889C7100C56E78 /* mars_bottom.tga */ = {isa = PBXFileReference; lastKnownFileType = file; path = mars_bottom.tga; sourceTree = "<group>"; };
		374C5A7816889C7100C56E78 /* mars_front.tga */ = {isa = PBXFileReference; lastKnownFileType = file; path = mars_front.tga; sourceTree = "<group>"; };
		374C5A7916889C7100C56E78 /* mars_left.tga */ = {isa = PBXFileReference; lastKnownFileType = file; path = mars_left.tga; sourceTree = "<group>"; };
		374C5A7A16889C7100C56E78 /* mars_right.tga */ = {isa = PBXFileReference; lastKnownFileType = file; path = mars_right.tga; sourceTree = "<group>"; };
		374C5A7B16889C7100C56E78 /* mars_top.tga */ = {isa = PBXFileReference; lastKnownFileType = file; path = mars_top.tga; sourceTree = "<group>"; };
		37B293CC16933B0900430137 /* teapot.obj */ = {isa = PBXFileReference; fileEncoding = 4; lastKnownFileType = text; path = teapot.obj; sourceTree = "<group>"; };
		37B293D11695C7CD00430137 /* controls.cpp */ = {isa = PBXFileReference; fileEncoding = 4; lastKnownFileType = sourcecode.cpp.cpp; path = controls.cpp; sourceTree = "<group>"; };
		37B293D21695C7CD00430137 /* controls.h */ = {isa = PBXFileReference; fileEncoding = 4; lastKnownFileType = sourcecode.c.h; path = controls.h; sourceTree = "<group>"; };
		37B293D51695F60D00430137 /* ground_texture.tga */ = {isa = PBXFileReference; lastKnownFileType = file; path = ground_texture.tga; sourceTree = "<group>"; };
		37F552D5168269EA004CB411 /* COMP3004-C2 */ = {isa = PBXFileReference; explicitFileType = "compiled.mach-o.executable"; includeInIndex = 0; path = "COMP3004-C2"; sourceTree = BUILT_PRODUCTS_DIR; };
		37F552D9168269EA004CB411 /* main.cpp */ = {isa = PBXFileReference; lastKnownFileType = sourcecode.cpp.cpp; path = main.cpp; sourceTree = "<group>"; };
		37F552E216826A1A004CB411 /* OpenGL.framework */ = {isa = PBXFileReference; lastKnownFileType = wrapper.framework; name = OpenGL.framework; path = System/Library/Frameworks/OpenGL.framework; sourceTree = SDKROOT; };
		37F552E516826E8C004CB411 /* VertexShader.vert */ = {isa = PBXFileReference; fileEncoding = 4; lastKnownFileType = sourcecode.glsl; path = VertexShader.vert; sourceTree = "<group>"; xcLanguageSpecificationIdentifier = xcode.lang.glsl; };
		37F552E616826E9B004CB411 /* FragmentShader.frag */ = {isa = PBXFileReference; fileEncoding = 4; lastKnownFileType = sourcecode.glsl; path = FragmentShader.frag; sourceTree = "<group>"; xcLanguageSpecificationIdentifier = xcode.lang.glsl; };
		37F552E716826F4F004CB411 /* shaders.cpp */ = {isa = PBXFileReference; fileEncoding = 4; lastKnownFileType = sourcecode.cpp.cpp; path = shaders.cpp; sourceTree = "<group>"; };
		37F552E816826F4F004CB411 /* shaders.h */ = {isa = PBXFileReference; fileEncoding = 4; lastKnownFileType = sourcecode.c.h; path = shaders.h; sourceTree = "<group>"; };
		37F552EA16827160004CB411 /* utils.cpp */ = {isa = PBXFileReference; fileEncoding = 4; lastKnownFileType = sourcecode.cpp.cpp; path = utils.cpp; sourceTree = "<group>"; };
		37F552EB16827160004CB411 /* utils.h */ = {isa = PBXFileReference; fileEncoding = 4; lastKnownFileType = sourcecode.c.h; path = utils.h; sourceTree = "<group>"; };
		37F5551016833C50004CB411 /* SceneObject.cpp */ = {isa = PBXFileReference; fileEncoding = 4; lastKnownFileType = sourcecode.cpp.cpp; path = SceneObject.cpp; sourceTree = "<group>"; };
		37F5551116833C50004CB411 /* SceneObject.h */ = {isa = PBXFileReference; fileEncoding = 4; lastKnownFileType = sourcecode.c.h; path = SceneObject.h; sourceTree = "<group>"; };
		37F5551316833D99004CB411 /* credits.txt */ = {isa = PBXFileReference; fileEncoding = 4; lastKnownFileType = text; path = credits.txt; sourceTree = "<group>"; };
		37FD94781684C96800716C5A /* mars-landscape.obj */ = {isa = PBXFileReference; lastKnownFileType = text; path = "mars-landscape.obj"; sourceTree = "<group>"; };
/* End PBXFileReference section */

/* Begin PBXFrameworksBuildPhase section */
		37F552D2168269EA004CB411 /* Frameworks */ = {
			isa = PBXFrameworksBuildPhase;
			buildActionMask = 2147483647;
			files = (
				37F552E316826A1A004CB411 /* OpenGL.framework in Frameworks */,
			);
			runOnlyForDeploymentPostprocessing = 0;
		};
/* End PBXFrameworksBuildPhase section */

/* Begin PBXGroup section */
		37F552CA168269EA004CB411 = {
			isa = PBXGroup;
			children = (
				37F552E216826A1A004CB411 /* OpenGL.framework */,
				37F552D8168269EA004CB411 /* COMP3004-C2 */,
				37F552D6168269EA004CB411 /* Products */,
			);
			sourceTree = "<group>";
		};
		37F552D6168269EA004CB411 /* Products */ = {
			isa = PBXGroup;
			children = (
				37F552D5168269EA004CB411 /* COMP3004-C2 */,
			);
			name = Products;
			sourceTree = "<group>";
		};
		37F552D8168269EA004CB411 /* COMP3004-C2 */ = {
			isa = PBXGroup;
			children = (
				37F552D9168269EA004CB411 /* main.cpp */,
				37B293D11695C7CD00430137 /* controls.cpp */,
				37B293D21695C7CD00430137 /* controls.h */,
				37F552E716826F4F004CB411 /* shaders.cpp */,
				37F552E816826F4F004CB411 /* shaders.h */,
				37F552EA16827160004CB411 /* utils.cpp */,
				37F552EB16827160004CB411 /* utils.h */,
				37F5551016833C50004CB411 /* SceneObject.cpp */,
				37F5551116833C50004CB411 /* SceneObject.h */,
				374C5A631688790800C56E78 /* Texture.cpp */,
				374C5A641688790800C56E78 /* Texture.h */,
				374C5A7316887B6A00C56E78 /* Skybox.cpp */,
				374C5A7416887B6A00C56E78 /* Skybox.h */,
				37F5551316833D99004CB411 /* credits.txt */,
				37F552E416826E74004CB411 /* Shaders */,
				37FD94771684C95D00716C5A /* Resources */,
			);
			path = "COMP3004-C2";
			sourceTree = "<group>";
		};
		37F552E416826E74004CB411 /* Shaders */ = {
			isa = PBXGroup;
			children = (
				37F552E516826E8C004CB411 /* VertexShader.vert */,
				37F552E616826E9B004CB411 /* FragmentShader.frag */,
			);
			name = Shaders;
			sourceTree = "<group>";
		};
		37FD94771684C95D00716C5A /* Resources */ = {
			isa = PBXGroup;
			children = (
				3732B634169732F2000C63A8 /* bases.obj */,
				3732B635169732F2000C63A8 /* bridge.obj */,
				3732B636169732F2000C63A8 /* buildings.obj */,
				3732B637169732F2000C63A8 /* foundation.obj */,
				37FD94781684C96800716C5A /* mars-landscape.obj */,
				37B293D51695F60D00430137 /* ground_texture.tga */,
				374C5A7616889C7100C56E78 /* mars_back.tga */,
				374C5A7716889C7100C56E78 /* mars_bottom.tga */,
				374C5A7816889C7100C56E78 /* mars_front.tga */,
				374C5A7916889C7100C56E78 /* mars_left.tga */,
				374C5A7A16889C7100C56E78 /* mars_right.tga */,
				374C5A7B16889C7100C56E78 /* mars_top.tga */,
				37B293CC16933B0900430137 /* teapot.obj */,
			);
			name = Resources;
			sourceTree = "<group>";
		};
/* End PBXGroup section */

/* Begin PBXNativeTarget section */
		37F552D4168269EA004CB411 /* COMP3004-C2 */ = {
			isa = PBXNativeTarget;
			buildConfigurationList = 37F552DF168269EA004CB411 /* Build configuration list for PBXNativeTarget "COMP3004-C2" */;
			buildPhases = (
				37F552D1168269EA004CB411 /* Sources */,
				37F552D2168269EA004CB411 /* Frameworks */,
				37F552ED168276DC004CB411 /* CopyFiles */,
			);
			buildRules = (
			);
			dependencies = (
			);
			name = "COMP3004-C2";
			productName = "COMP3004-C2";
			productReference = 37F552D5168269EA004CB411 /* COMP3004-C2 */;
			productType = "com.apple.product-type.tool";
		};
/* End PBXNativeTarget section */

/* Begin PBXProject section */
		37F552CC168269EA004CB411 /* Project object */ = {
			isa = PBXProject;
			attributes = {
				LastUpgradeCheck = 0450;
				ORGANIZATIONNAME = "Dan Palmer";
			};
			buildConfigurationList = 37F552CF168269EA004CB411 /* Build configuration list for PBXProject "COMP3004-C2" */;
			compatibilityVersion = "Xcode 3.2";
			developmentRegion = English;
			hasScannedForEncodings = 0;
			knownRegions = (
				en,
			);
			mainGroup = 37F552CA168269EA004CB411;
			productRefGroup = 37F552D6168269EA004CB411 /* Products */;
			projectDirPath = "";
			projectRoot = "";
			targets = (
				37F552D4168269EA004CB411 /* COMP3004-C2 */,
			);
		};
/* End PBXProject section */

/* Begin PBXSourcesBuildPhase section */
		37F552D1168269EA004CB411 /* Sources */ = {
			isa = PBXSourcesBuildPhase;
			buildActionMask = 2147483647;
			files = (
				37F552DA168269EA004CB411 /* main.cpp in Sources */,
				37F552E916826F4F004CB411 /* shaders.cpp in Sources */,
				37F552EC16827160004CB411 /* utils.cpp in Sources */,
				37F5551216833C50004CB411 /* SceneObject.cpp in Sources */,
				374C5A651688790800C56E78 /* Texture.cpp in Sources */,
				374C5A7516887B6A00C56E78 /* Skybox.cpp in Sources */,
				37B293D31695C7CD00430137 /* controls.cpp in Sources */,
			);
			runOnlyForDeploymentPostprocessing = 0;
		};
/* End PBXSourcesBuildPhase section */

/* Begin XCBuildConfiguration section */
		37F552DD168269EA004CB411 /* Debug */ = {
			isa = XCBuildConfiguration;
			buildSettings = {
				ALWAYS_SEARCH_USER_PATHS = NO;
				ARCHS = "$(ARCHS_STANDARD_64_BIT)";
				CLANG_CXX_LANGUAGE_STANDARD = "gnu++0x";
				CLANG_CXX_LIBRARY = "libc++";
				CLANG_WARN_EMPTY_BODY = YES;
				CLANG_WARN__DUPLICATE_METHOD_MATCH = YES;
				COPY_PHASE_STRIP = NO;
				GCC_C_LANGUAGE_STANDARD = gnu99;
				GCC_DYNAMIC_NO_PIC = NO;
				GCC_ENABLE_OBJC_EXCEPTIONS = YES;
				GCC_OPTIMIZATION_LEVEL = 0;
				GCC_PREPROCESSOR_DEFINITIONS = (
					"DEBUG=1",
					"$(inherited)",
				);
				GCC_SYMBOLS_PRIVATE_EXTERN = NO;
				GCC_WARN_64_TO_32_BIT_CONVERSION = YES;
				GCC_WARN_ABOUT_RETURN_TYPE = YES;
				GCC_WARN_UNINITIALIZED_AUTOS = YES;
				GCC_WARN_UNUSED_VARIABLE = YES;
				MACOSX_DEPLOYMENT_TARGET = 10.8;
				ONLY_ACTIVE_ARCH = YES;
				SDKROOT = macosx;
			};
			name = Debug;
		};
		37F552DE168269EA004CB411 /* Release */ = {
			isa = XCBuildConfiguration;
			buildSettings = {
				ALWAYS_SEARCH_USER_PATHS = NO;
				ARCHS = "$(ARCHS_STANDARD_64_BIT)";
				CLANG_CXX_LANGUAGE_STANDARD = "gnu++0x";
				CLANG_CXX_LIBRARY = "libc++";
				CLANG_WARN_EMPTY_BODY = YES;
				CLANG_WARN__DUPLICATE_METHOD_MATCH = YES;
				COPY_PHASE_STRIP = YES;
				DEBUG_INFORMATION_FORMAT = "dwarf-with-dsym";
				GCC_C_LANGUAGE_STANDARD = gnu99;
				GCC_ENABLE_OBJC_EXCEPTIONS = YES;
				GCC_WARN_64_TO_32_BIT_CONVERSION = YES;
				GCC_WARN_ABOUT_RETURN_TYPE = YES;
				GCC_WARN_UNINITIALIZED_AUTOS = YES;
				GCC_WARN_UNUSED_VARIABLE = YES;
				MACOSX_DEPLOYMENT_TARGET = 10.8;
				SDKROOT = macosx;
			};
			name = Release;
		};
		37F552E0168269EA004CB411 /* Debug */ = {
			isa = XCBuildConfiguration;
			buildSettings = {
				HEADER_SEARCH_PATHS = /usr/local/include;
				LIBRARY_SEARCH_PATHS = /usr/local/lib;
				OTHER_LDFLAGS = (
					"-lglfw",
					"-lGLEW",
				);
				PRODUCT_NAME = "$(TARGET_NAME)";
			};
			name = Debug;
		};
		37F552E1168269EA004CB411 /* Release */ = {
			isa = XCBuildConfiguration;
			buildSettings = {
				HEADER_SEARCH_PATHS = /usr/local/include;
				LIBRARY_SEARCH_PATHS = /usr/local/lib;
				OTHER_LDFLAGS = (
					"-lglfw",
					"-lGLEW",
				);
				PRODUCT_NAME = "$(TARGET_NAME)";
			};
			name = Release;
		};
/* End XCBuildConfiguration section */

/* Begin XCConfigurationList section */
		37F552CF168269EA004CB411 /* Build configuration list for PBXProject "COMP3004-C2" */ = {
			isa = XCConfigurationList;
			buildConfigurations = (
				37F552DD168269EA004CB411 /* Debug */,
				37F552DE168269EA004CB411 /* Release */,
			);
			defaultConfigurationIsVisible = 0;
			defaultConfigurationName = Release;
		};
		37F552DF168269EA004CB411 /* Build configuration list for PBXNativeTarget "COMP3004-C2" */ = {
			isa = XCConfigurationList;
			buildConfigurations = (
				37F552E0168269EA004CB411 /* Debug */,
				37F552E1168269EA004CB411 /* Release */,
			);
			defaultConfigurationIsVisible = 0;
			defaultConfigurationName = Release;
		};
/* End XCConfigurationList section */
	};
	rootObject = 37F552CC168269EA004CB411 /* Project object */;
}
